
Microsoft Visual Studio Solution File, Format Version 12.00
# Visual Studio 15
VisualStudioVersion = 15.0.27428.1
MinimumVisualStudioVersion = 10.0.40219.1
Project("{8BC9CEB8-8B4A-11D0-8D11-00A0C91BC942}") = "dvs", "dvs.vcxproj", "{F4D1DE4C-41BE-45E0-9FA2-9A1ACCBF8528}"
EndProject
Global
	GlobalSection(SolutionConfigurationPlatforms) = preSolution
		Debug|x64 = Debug|x64
		Debug|x86 = Debug|x86
		Release|x64 = Release|x64
		Release|x86 = Release|x86
	EndGlobalSection
	GlobalSection(ProjectConfigurationPlatforms) = postSolution
		{F4D1DE4C-41BE-45E0-9FA2-9A1ACCBF8528}.Debug|x64.ActiveCfg = Debug|x64
		{F4D1DE4C-41BE-45E0-9FA2-9A1ACCBF8528}.Debug|x64.Build.0 = Debug|x64
		{F4D1DE4C-41BE-45E0-9FA2-9A1ACCBF8528}.Debug|x86.ActiveCfg = Debug|Win32
		{F4D1DE4C-41BE-45E0-9FA2-9A1ACCBF8528}.Debug|x86.Build.0 = Debug|Win32
		{F4D1DE4C-41BE-45E0-9FA2-9A1ACCBF8528}.Release|x64.ActiveCfg = Release|x64
		{F4D1DE4C-41BE-45E0-9FA2-9A1ACCBF8528}.Release|x64.Build.0 = Release|x64
		{F4D1DE4C-41BE-45E0-9FA2-9A1ACCBF8528}.Release|x86.ActiveCfg = Release|Win32
		{F4D1DE4C-41BE-45E0-9FA2-9A1ACCBF8528}.Release|x86.Build.0 = Release|Win32
	EndGlobalSection
	GlobalSection(SolutionProperties) = preSolution
		HideSolutionNode = FALSE
	EndGlobalSection
	GlobalSection(ExtensibilityGlobals) = postSolution
		SolutionGuid = {D69B4CA4-727D-4FC4-8364-E982B599D5D4}
	EndGlobalSection
EndGlobal
